#MicroXplorer Configuration settings - do not modify
ADC1.Channel-0\#ChannelRegularConversion=ADC_CHANNEL_TEMPSENSOR
ADC1.IPParameters=Rank-0\#ChannelRegularConversion,Channel-0\#ChannelRegularConversion,SamplingTime-0\#ChannelRegularConversion,OffsetNumber-0\#ChannelRegularConversion,Offset-0\#ChannelRegularConversion,NbrOfConversionFlag,master
ADC1.NbrOfConversionFlag=1
ADC1.Offset-0\#ChannelRegularConversion=0
ADC1.OffsetNumber-0\#ChannelRegularConversion=ADC_OFFSET_NONE
ADC1.Rank-0\#ChannelRegularConversion=1
ADC1.SamplingTime-0\#ChannelRegularConversion=ADC_SAMPLETIME_1CYCLE_5
ADC1.master=1
ADC2.Channel-0\#ChannelRegularConversion=ADC_CHANNEL_12
ADC2.IPParameters=Rank-0\#ChannelRegularConversion,Channel-0\#ChannelRegularConversion,SamplingTime-0\#ChannelRegularConversion,OffsetNumber-0\#ChannelRegularConversion,Offset-0\#ChannelRegularConversion,NbrOfConversionFlag
ADC2.NbrOfConversionFlag=1
ADC2.Offset-0\#ChannelRegularConversion=0
ADC2.OffsetNumber-0\#ChannelRegularConversion=ADC_OFFSET_NONE
ADC2.Rank-0\#ChannelRegularConversion=1
ADC2.SamplingTime-0\#ChannelRegularConversion=ADC_SAMPLETIME_1CYCLE_5
COMP2.IPParameters=InvertingInput,Output
COMP2.InvertingInput=COMP_INVERTINGINPUT_DAC1_CH2
COMP2.Output=COMP_OUTPUT_TIM1BKIN
COMP4.IPParameters=InvertingInput,Output
COMP4.InvertingInput=COMP_INVERTINGINPUT_DAC1_CH2
COMP4.Output=COMP_OUTPUT_TIM1BKIN
COMP6.IPParameters=InvertingInput,Output
COMP6.InvertingInput=COMP_INVERTINGINPUT_DAC2_CH1
COMP6.Output=COMP_OUTPUT_TIM1BKIN
Dma.ADC1.2.Direction=DMA_PERIPH_TO_MEMORY
Dma.ADC1.2.Instance=DMA1_Channel1
Dma.ADC1.2.MemDataAlignment=DMA_MDATAALIGN_HALFWORD
Dma.ADC1.2.MemInc=DMA_MINC_ENABLE
Dma.ADC1.2.Mode=DMA_NORMAL
Dma.ADC1.2.PeriphDataAlignment=DMA_PDATAALIGN_HALFWORD
Dma.ADC1.2.PeriphInc=DMA_PINC_DISABLE
Dma.ADC1.2.Priority=DMA_PRIORITY_LOW
Dma.ADC1.2.RequestParameters=Instance,Direction,PeriphInc,MemInc,PeriphDataAlignment,MemDataAlignment,Mode,Priority
Dma.ADC2.3.Direction=DMA_PERIPH_TO_MEMORY
Dma.ADC2.3.Instance=DMA1_Channel2
Dma.ADC2.3.MemDataAlignment=DMA_MDATAALIGN_HALFWORD
Dma.ADC2.3.MemInc=DMA_MINC_ENABLE
Dma.ADC2.3.Mode=DMA_NORMAL
Dma.ADC2.3.PeriphDataAlignment=DMA_PDATAALIGN_HALFWORD
Dma.ADC2.3.PeriphInc=DMA_PINC_DISABLE
Dma.ADC2.3.Priority=DMA_PRIORITY_LOW
Dma.ADC2.3.RequestParameters=Instance,Direction,PeriphInc,MemInc,PeriphDataAlignment,MemDataAlignment,Mode,Priority
Dma.I2C1_RX.0.Direction=DMA_PERIPH_TO_MEMORY
Dma.I2C1_RX.0.Instance=DMA1_Channel3
Dma.I2C1_RX.0.MemDataAlignment=DMA_MDATAALIGN_BYTE
Dma.I2C1_RX.0.MemInc=DMA_MINC_ENABLE
Dma.I2C1_RX.0.Mode=DMA_NORMAL
Dma.I2C1_RX.0.PeriphDataAlignment=DMA_PDATAALIGN_BYTE
Dma.I2C1_RX.0.PeriphInc=DMA_PINC_DISABLE
Dma.I2C1_RX.0.Priority=DMA_PRIORITY_LOW
Dma.I2C1_RX.0.RequestParameters=Instance,Direction,PeriphInc,MemInc,PeriphDataAlignment,MemDataAlignment,Mode,Priority
Dma.I2C1_TX.1.Direction=DMA_MEMORY_TO_PERIPH
Dma.I2C1_TX.1.Instance=DMA1_Channel6
Dma.I2C1_TX.1.MemDataAlignment=DMA_MDATAALIGN_BYTE
Dma.I2C1_TX.1.MemInc=DMA_MINC_ENABLE
Dma.I2C1_TX.1.Mode=DMA_NORMAL
Dma.I2C1_TX.1.PeriphDataAlignment=DMA_PDATAALIGN_BYTE
Dma.I2C1_TX.1.PeriphInc=DMA_PINC_DISABLE
Dma.I2C1_TX.1.Priority=DMA_PRIORITY_LOW
Dma.I2C1_TX.1.RequestParameters=Instance,Direction,PeriphInc,MemInc,PeriphDataAlignment,MemDataAlignment,Mode,Priority
Dma.Request0=I2C1_RX
Dma.Request1=I2C1_TX
Dma.Request2=ADC1
Dma.Request3=ADC2
Dma.Request4=USART1_RX
Dma.Request5=USART1_TX
Dma.RequestsNb=6
Dma.USART1_RX.4.Direction=DMA_PERIPH_TO_MEMORY
Dma.USART1_RX.4.Instance=DMA1_Channel5
Dma.USART1_RX.4.MemDataAlignment=DMA_MDATAALIGN_BYTE
Dma.USART1_RX.4.MemInc=DMA_MINC_ENABLE
Dma.USART1_RX.4.Mode=DMA_NORMAL
Dma.USART1_RX.4.PeriphDataAlignment=DMA_PDATAALIGN_BYTE
Dma.USART1_RX.4.PeriphInc=DMA_PINC_DISABLE
Dma.USART1_RX.4.Priority=DMA_PRIORITY_LOW
Dma.USART1_RX.4.RequestParameters=Instance,Direction,PeriphInc,MemInc,PeriphDataAlignment,MemDataAlignment,Mode,Priority
Dma.USART1_TX.5.Direction=DMA_MEMORY_TO_PERIPH
Dma.USART1_TX.5.Instance=DMA1_Channel4
Dma.USART1_TX.5.MemDataAlignment=DMA_MDATAALIGN_BYTE
Dma.USART1_TX.5.MemInc=DMA_MINC_ENABLE
Dma.USART1_TX.5.Mode=DMA_NORMAL
Dma.USART1_TX.5.PeriphDataAlignment=DMA_PDATAALIGN_BYTE
Dma.USART1_TX.5.PeriphInc=DMA_PINC_DISABLE
Dma.USART1_TX.5.Priority=DMA_PRIORITY_LOW
Dma.USART1_TX.5.RequestParameters=Instance,Direction,PeriphInc,MemInc,PeriphDataAlignment,MemDataAlignment,Mode,Priority
File.Version=6
HRTIM1.Fault_Line1=HRTIM_FAULT_1
HRTIM1.IPParameters=Fault_Line1
I2C1.IPParameters=Timing
I2C1.Timing=0x2000090E
KeepUserPlacement=false
Mcu.Family=STM32F3
Mcu.IP0=ADC1
Mcu.IP1=ADC2
Mcu.IP10=NVIC
Mcu.IP11=RCC
Mcu.IP12=SYS
Mcu.IP13=TSC
Mcu.IP14=USART1
Mcu.IP2=COMP2
Mcu.IP3=COMP4
Mcu.IP4=COMP6
Mcu.IP5=DAC1
Mcu.IP6=DAC2
Mcu.IP7=DMA
Mcu.IP8=HRTIM1
Mcu.IP9=I2C1
Mcu.IPNb=15
Mcu.Name=STM32F334C(4-6-8)Tx
Mcu.Package=LQFP48
Mcu.Pin0=PF0 / OSC_IN
Mcu.Pin1=PF1 / OSC_OUT
Mcu.Pin10=PB0
Mcu.Pin11=PB1
Mcu.Pin12=PB2
Mcu.Pin13=PB11
Mcu.Pin14=PB12
Mcu.Pin15=PB13
Mcu.Pin16=PB14
Mcu.Pin17=PB15
Mcu.Pin18=PA8
Mcu.Pin19=PA9
Mcu.Pin2=PA0
Mcu.Pin20=PA10
Mcu.Pin21=PA11
Mcu.Pin22=PA12
Mcu.Pin23=PA13
Mcu.Pin24=PA14
Mcu.Pin25=PA15
Mcu.Pin26=PB3
Mcu.Pin27=PB4
Mcu.Pin28=PB6
Mcu.Pin29=PB7
Mcu.Pin3=PA1
Mcu.Pin30=PB8
Mcu.Pin31=PB9
Mcu.Pin32=VP_ADC1_TempSens_Input
Mcu.Pin33=VP_COMP2_VS_DAC1OUT2
Mcu.Pin34=VP_COMP4_VS_DAC1OUT2
Mcu.Pin35=VP_COMP6_VS_DAC2OUT1
Mcu.Pin36=VP_DAC1_Switcher_Out2
Mcu.Pin37=VP_DAC2_Switcher_Out1
Mcu.Pin38=VP_HRTIM1_VS_hrtimMasterTimerNoOutput
Mcu.Pin39=VP_SYS_VS_Systick
Mcu.Pin4=PA2
Mcu.Pin5=PA3
Mcu.Pin6=PA4
Mcu.Pin7=PA5
Mcu.Pin8=PA6
Mcu.Pin9=PA7
Mcu.PinsNb=40
Mcu.ThirdPartyNb=0
Mcu.UserConstants=
Mcu.UserName=STM32F334C6Tx
MxCube.Version=4.21.0
MxDb.Version=DB.4.0.210
NVIC.BusFault_IRQn=true\:0\:0\:false\:false\:true\:true
NVIC.DMA1_Channel1_IRQn=true\:0\:0\:false\:false\:true\:true
NVIC.DMA1_Channel2_IRQn=true\:0\:0\:false\:false\:true\:true
NVIC.DMA1_Channel3_IRQn=true\:0\:0\:false\:false\:true\:true
NVIC.DMA1_Channel4_IRQn=true\:0\:0\:false\:false\:true\:true
NVIC.DMA1_Channel5_IRQn=true\:0\:0\:false\:false\:true\:true
NVIC.DMA1_Channel6_IRQn=true\:0\:0\:false\:false\:true\:true
NVIC.DebugMonitor_IRQn=true\:0\:0\:false\:false\:true\:true
NVIC.HardFault_IRQn=true\:0\:0\:false\:false\:true\:true
NVIC.MemoryManagement_IRQn=true\:0\:0\:false\:false\:true\:true
NVIC.NonMaskableInt_IRQn=true\:0\:0\:false\:false\:true\:true
NVIC.PendSV_IRQn=true\:0\:0\:false\:false\:true\:true
NVIC.PriorityGroup=NVIC_PRIORITYGROUP_4
NVIC.SVCall_IRQn=true\:0\:0\:false\:false\:true\:true
NVIC.SysTick_IRQn=true\:0\:0\:false\:false\:true\:true
NVIC.UsageFault_IRQn=true\:0\:0\:false\:false\:true\:true
PA0.Mode=G1_IO1-Sampling
PA0.Signal=TSC_G1_IO1
PA1.Mode=G1_IO2-Channel
PA1.Signal=TSC_G1_IO2
PA10.Locked=true
PA10.Mode=Asynchronous
PA10.Signal=USART1_RX
PA11.GPIOParameters=GPIO_Label
PA11.GPIO_Label=LED2
PA11.Locked=true
PA11.Signal=GPIO_Output
PA12.Locked=true
PA12.Mode=ExternalOutput
PA12.Signal=COMP2_OUT
PA13.Mode=Serial_Wire
PA13.Signal=SYS_JTMS-SWDIO
PA14.Mode=Serial_Wire
PA14.Signal=SYS_JTCK-SWCLK
PA15.GPIOParameters=GPIO_Label
PA15.GPIO_Label=LED3
PA15.Locked=true
PA15.Signal=GPIO_Output
PA2.Mode=G1_IO3-Channel
PA2.Signal=TSC_G1_IO3
PA3.Mode=G1_IO4-Channel
PA3.Signal=TSC_G1_IO4
PA4.Locked=true
PA4.Mode=IN1-Single-Ended
PA4.Signal=ADC2_IN1
PA5.Mode=IN2-Single-Ended
PA5.Signal=ADC2_IN2
PA6.Locked=true
PA6.Mode=IN3-Single-Ended
PA6.Signal=ADC2_IN3
PA7.Mode=INP
PA7.Signal=COMP2_INP
PA8.GPIOParameters=GPIO_Label
PA8.GPIO_Label=LED1
PA8.Locked=true
PA8.Signal=GPIO_Output
PA9.Locked=true
PA9.Mode=Asynchronous
PA9.Signal=USART1_TX
PB0.Mode=INP
PB0.Signal=COMP4_INP
PB1.Locked=true
PB1.Mode=IN12-Single-Ended
PB1.Signal=ADC1_IN12
PB11.Mode=INP
PB11.Signal=COMP6_INP
PB12.Mode=Output_TC1TC2
PB12.Signal=HRTIM1_CHC1
PB13.Mode=Output_TC1TC2
PB13.Signal=HRTIM1_CHC2
PB14.Mode=Output_TD1TD2
PB14.Signal=HRTIM1_CHD1
PB15.Mode=Output_TD1TD2
PB15.Signal=HRTIM1_CHD2
PB2.Mode=IN12-Single-Ended
PB2.Signal=ADC2_IN12
PB3.Mode=G5_IO1-Sampling
PB3.Signal=TSC_G5_IO1
PB4.Mode=G5_IO2-Channel
PB4.Signal=TSC_G5_IO2
PB6.Mode=G5_IO3-Channel
PB6.Signal=TSC_G5_IO3
PB7.Mode=G5_IO4-Channel
PB7.Signal=TSC_G5_IO4
PB8.Locked=true
PB8.Mode=I2C
PB8.Signal=I2C1_SCL
PB9.Locked=true
PB9.Mode=I2C
PB9.Signal=I2C1_SDA
PCC.Checker=false
PCC.Line=STM32F334
PCC.MCU=STM32F334C(4-6-8)Tx
PCC.PartNumber=STM32F334C6Tx
PCC.Seq0=0
PCC.Series=STM32F3
PCC.Temperature=25
PCC.Vdd=3.6
PF0\ /\ OSC_IN.Mode=HSE-External-Oscillator
PF0\ /\ OSC_IN.Signal=RCC_OSC_IN
PF1\ /\ OSC_OUT.Mode=HSE-External-Oscillator
PF1\ /\ OSC_OUT.Signal=RCC_OSC_OUT
PinOutPanel.RotationAngle=0
ProjectManager.AskForMigrate=true
ProjectManager.BackupPrevious=false
ProjectManager.CompilerOptimize=3
ProjectManager.ComputerToolchain=false
ProjectManager.CoupleFile=false
ProjectManager.CustomerFirmwarePackage=
ProjectManager.DefaultFWLocation=true
ProjectManager.DeletePrevious=true
ProjectManager.DeviceId=STM32F334C6Tx
ProjectManager.FirmwarePackage=STM32Cube FW_F3 V1.8.0
ProjectManager.FreePins=false
ProjectManager.HalAssertFull=false
ProjectManager.HeapSize=0x200
ProjectManager.KeepUserCode=true
ProjectManager.LastFirmware=true
ProjectManager.LibraryCopy=0
ProjectManager.MainLocation=Src
ProjectManager.PreviousToolchain=
ProjectManager.ProjectBuild=false
ProjectManager.ProjectFileName=touchtest.ioc
ProjectManager.ProjectName=touchtest
ProjectManager.StackSize=0x400
ProjectManager.TargetToolchain=Makefile
ProjectManager.ToolChainLocation=
ProjectManager.UnderRoot=false
ProjectManager.functionlistsort=1-MX_GPIO_Init-GPIO-false-HAL-true,2-MX_DMA_Init-DMA-false-HAL-true,3-SystemClock_Config-RCC-false-HAL-true,4-MX_ADC1_Init-ADC1-false-HAL-true,5-MX_ADC2_Init-ADC2-false-HAL-true,6-MX_COMP2_Init-COMP2-false-HAL-true,7-MX_COMP4_Init-COMP4-false-HAL-true,8-MX_COMP6_Init-COMP6-false-HAL-true,9-MX_HRTIM1_Init-HRTIM1-false-HAL-true,10-MX_TSC_Init-TSC-false-HAL-true,11-MX_I2C1_Init-I2C1-false-HAL-true,12-MX_USART1_UART_Init-USART1-false-HAL-true,13-MX_DAC1_Init-DAC1-false-HAL-true,14-MX_DAC2_Init-DAC2-false-HAL-true
RCC.ADC12outputFreq_Value=72000000
RCC.AHBFreq_Value=72000000
RCC.APB1CLKDivider=RCC_HCLK_DIV4
RCC.APB1Freq_Value=18000000
RCC.APB1TimFreq_Value=36000000
RCC.APB2Freq_Value=72000000
RCC.APB2TimFreq_Value=72000000
RCC.CortexFreq_Value=72000000
RCC.FCLKCortexFreq_Value=72000000
RCC.FamilyName=M
RCC.HCLKFreq_Value=72000000
RCC.HRTIM1Freq_Value=72000000
RCC.HSEPLLFreq_Value=8000000
RCC.HSE_VALUE=8000000
RCC.HSIPLLFreq_Value=4000000
RCC.HSI_VALUE=8000000
RCC.I2C1Freq_Value=8000000
RCC.IPParameters=ADC12outputFreq_Value,AHBFreq_Value,APB1CLKDivider,APB1Freq_Value,APB1TimFreq_Value,APB2Freq_Value,APB2TimFreq_Value,CortexFreq_Value,FCLKCortexFreq_Value,FamilyName,HCLKFreq_Value,HRTIM1Freq_Value,HSEPLLFreq_Value,HSE_VALUE,HSIPLLFreq_Value,HSI_VALUE,I2C1Freq_Value,LSE_VALUE,LSI_VALUE,MCOFreq_Value,PLLCLKFreq_Value,PLLMCOFreq_Value,PLLMUL,PLLSourceVirtual,RTCFreq_Value,RTCHSEDivFreq_Value,SYSCLKFreq_VALUE,SYSCLKSourceVirtual,TIM1Freq_Value,TIM2Freq_Value,USART1Freq_Value,VCOOutput2Freq_Value
RCC.LSE_VALUE=32768
RCC.LSI_VALUE=40000
RCC.MCOFreq_Value=72000000
RCC.PLLCLKFreq_Value=72000000
RCC.PLLMCOFreq_Value=72000000
RCC.PLLMUL=RCC_PLL_MUL9
RCC.PLLSourceVirtual=RCC_PLLSOURCE_HSE
RCC.RTCFreq_Value=40000
RCC.RTCHSEDivFreq_Value=250000
RCC.SYSCLKFreq_VALUE=72000000
RCC.SYSCLKSourceVirtual=RCC_SYSCLKSOURCE_PLLCLK
RCC.TIM1Freq_Value=72000000
RCC.TIM2Freq_Value=72000000
RCC.USART1Freq_Value=18000000
RCC.VCOOutput2Freq_Value=8000000
TSC.ChannelIOs-G1_IO2=TSC_GROUP1_IO2
TSC.ChannelIOs-G1_IO3=TSC_GROUP1_IO3
TSC.ChannelIOs-G1_IO4=TSC_GROUP1_IO4
TSC.ChannelIOs-G5_IO2=TSC_GROUP5_IO2
TSC.ChannelIOs-G5_IO3=TSC_GROUP5_IO3
TSC.ChannelIOs-G5_IO4=TSC_GROUP5_IO4
TSC.IPParameters=SamplingIOs-G1_IO1,ChannelIOs-G1_IO2,ChannelIOs-G1_IO3,ChannelIOs-G1_IO4,SamplingIOs-G5_IO1,ChannelIOs-G5_IO2,ChannelIOs-G5_IO3,ChannelIOs-G5_IO4
TSC.SamplingIOs-G1_IO1=TSC_GROUP1_IO1
TSC.SamplingIOs-G5_IO1=TSC_GROUP5_IO1
USART1.BaudRate=115200
USART1.IPParameters=VirtualMode-Asynchronous,BaudRate,WordLength
USART1.VirtualMode-Asynchronous=VM_ASYNC
USART1.WordLength=WORDLENGTH_8B
VP_ADC1_TempSens_Input.Mode=IN-TempSens
VP_ADC1_TempSens_Input.Signal=ADC1_TempSens_Input
VP_COMP2_VS_DAC1OUT2.Mode=INM_DAC1OUT2
VP_COMP2_VS_DAC1OUT2.Signal=COMP2_VS_DAC1OUT2
VP_COMP4_VS_DAC1OUT2.Mode=INM_DAC1OUT2
VP_COMP4_VS_DAC1OUT2.Signal=COMP4_VS_DAC1OUT2
VP_COMP6_VS_DAC2OUT1.Mode=INM_DAC2OUT1
VP_COMP6_VS_DAC2OUT1.Signal=COMP6_VS_DAC2OUT1
VP_DAC1_Switcher_Out2.Mode=Switch_Disable_OUT2
VP_DAC1_Switcher_Out2.Signal=DAC1_Switcher_Out2
VP_DAC2_Switcher_Out1.Mode=Switch_Disable_OUT1
VP_DAC2_Switcher_Out1.Signal=DAC2_Switcher_Out1
VP_HRTIM1_VS_hrtimMasterTimerNoOutput.Mode=MasterTimer
VP_HRTIM1_VS_hrtimMasterTimerNoOutput.Signal=HRTIM1_VS_hrtimMasterTimerNoOutput
VP_SYS_VS_Systick.Mode=SysTick
VP_SYS_VS_Systick.Signal=SYS_VS_Systick
board=touchtest
